// !$*UTF8*$!
{
	archiveVersion = 1;
	classes = {
	};
	objectVersion = 50;
	objects = {

/* Begin PBXBuildFile section */
		60EED8A9253B1C4100101AB9 /* ProfilePopAnimationApp.swift in Sources */ = {isa = PBXBuildFile; fileRef = 60EED8A8253B1C4100101AB9 /* ProfilePopAnimationApp.swift */; };
		60EED8AB253B1C4100101AB9 /* Home.swift in Sources */ = {isa = PBXBuildFile; fileRef = 60EED8AA253B1C4100101AB9 /* Home.swift */; };
		60EED8AD253B1C4100101AB9 /* Assets.xcassets in Resources */ = {isa = PBXBuildFile; fileRef = 60EED8AC253B1C4100101AB9 /* Assets.xcassets */; };
		60EED8B0253B1C4100101AB9 /* Preview Assets.xcassets in Resources */ = {isa = PBXBuildFile; fileRef = 60EED8AF253B1C4100101AB9 /* Preview Assets.xcassets */; };
		60EED8BB253B1D6000101AB9 /* HomeView.swift in Sources */ = {isa = PBXBuildFile; fileRef = 60EED8BA253B1D6000101AB9 /* HomeView.swift */; };
		60EED8BE253B1D8100101AB9 /* MenuView.swift in Sources */ = {isa = PBXBuildFile; fileRef = 60EED8BD253B1D8100101AB9 /* MenuView.swift */; };
/* End PBXBuildFile section */

/* Begin PBXFileReference section */
		60EED8A5253B1C4100101AB9 /* ProfilePopAnimation.app */ = {isa = PBXFileReference; explicitFileType = wrapper.application; includeInIndex = 0; path = ProfilePopAnimation.app; sourceTree = BUILT_PRODUCTS_DIR; };
		60EED8A8253B1C4100101AB9 /* ProfilePopAnimationApp.swift */ = {isa = PBXFileReference; lastKnownFileType = sourcecode.swift; path = ProfilePopAnimationApp.swift; sourceTree = "<group>"; };
		60EED8AA253B1C4100101AB9 /* Home.swift */ = {isa = PBXFileReference; lastKnownFileType = sourcecode.swift; path = Home.swift; sourceTree = "<group>"; };
		60EED8AC253B1C4100101AB9 /* Assets.xcassets */ = {isa = PBXFileReference; lastKnownFileType = folder.assetcatalog; path = Assets.xcassets; sourceTree = "<group>"; };
		60EED8AF253B1C4100101AB9 /* Preview Assets.xcassets */ = {isa = PBXFileReference; lastKnownFileType = folder.assetcatalog; path = "Preview Assets.xcassets"; sourceTree = "<group>"; };
		60EED8B1253B1C4100101AB9 /* Info.plist */ = {isa = PBXFileReference; lastKnownFileType = text.plist.xml; path = Info.plist; sourceTree = "<group>"; };
		60EED8BA253B1D6000101AB9 /* HomeView.swift */ = {isa = PBXFileReference; lastKnownFileType = sourcecode.swift; path = HomeView.swift; sourceTree = "<group>"; };
		60EED8BD253B1D8100101AB9 /* MenuView.swift */ = {isa = PBXFileReference; lastKnownFileType = sourcecode.swift; path = MenuView.swift; sourceTree = "<group>"; };
/* End PBXFileReference section */

/* Begin PBXFrameworksBuildPhase section */
		60EED8A2253B1C4100101AB9 /* Frameworks */ = {
			isa = PBXFrameworksBuildPhase;
			buildActionMask = 2147483647;
			files = (
			);
			runOnlyForDeploymentPostprocessing = 0;
		};
/* End PBXFrameworksBuildPhase section */

/* Begin PBXGroup section */
		60EED89C253B1C4100101AB9 = {
			isa = PBXGroup;
			children = (
				60EED8A7253B1C4100101AB9 /* ProfilePopAnimation */,
				60EED8A6253B1C4100101AB9 /* Products */,
			);
			sourceTree = "<group>";
		};
		60EED8A6253B1C4100101AB9 /* Products */ = {
			isa = PBXGroup;
			children = (
				60EED8A5253B1C4100101AB9 /* ProfilePopAnimation.app */,
			);
			name = Products;
			sourceTree = "<group>";
		};
		60EED8A7253B1C4100101AB9 /* ProfilePopAnimation */ = {
			isa = PBXGroup;
			children = (
				60EED8A8253B1C4100101AB9 /* ProfilePopAnimationApp.swift */,
				60EED8AA253B1C4100101AB9 /* Home.swift */,
				60EED8BA253B1D6000101AB9 /* HomeView.swift */,
				60EED8BD253B1D8100101AB9 /* MenuView.swift */,
				60EED8AC253B1C4100101AB9 /* Assets.xcassets */,
				60EED8B1253B1C4100101AB9 /* Info.plist */,
				60EED8AE253B1C4100101AB9 /* Preview Content */,
			);
			path = ProfilePopAnimation;
			sourceTree = "<group>";
		};
		60EED8AE253B1C4100101AB9 /* Preview Content */ = {
			isa = PBXGroup;
			children = (
				60EED8AF253B1C4100101AB9 /* Preview Assets.xcassets */,
			);
			path = "Preview Content";
			sourceTree = "<group>";
		};
/* End PBXGroup section */

/* Begin PBXNativeTarget section */
		60EED8A4253B1C4100101AB9 /* ProfilePopAnimation */ = {
			isa = PBXNativeTarget;
			buildConfigurationList = 60EED8B4253B1C4100101AB9 /* Build configuration list for PBXNativeTarget "ProfilePopAnimation" */;
			buildPhases = (
				60EED8A1253B1C4100101AB9 /* Sources */,
				60EED8A2253B1C4100101AB9 /* Frameworks */,
				60EED8A3253B1C4100101AB9 /* Resources */,
			);
			buildRules = (
			);
			dependencies = (
			);
			name = ProfilePopAnimation;
			productName = ProfilePopAnimation;
			productReference = 60EED8A5253B1C4100101AB9 /* ProfilePopAnimation.app */;
			productType = "com.apple.product-type.application";
		};
/* End PBXNativeTarget section */

/* Begin PBXProject section */
		60EED89D253B1C4100101AB9 /* Project object */ = {
			isa = PBXProject;
			attributes = {
				LastSwiftUpdateCheck = 1200;
				LastUpgradeCheck = 1200;
				TargetAttributes = {
					60EED8A4253B1C4100101AB9 = {
						CreatedOnToolsVersion = 12.0.1;
					};
				};
			};
			buildConfigurationList = 60EED8A0253B1C4100101AB9 /* Build configuration list for PBXProject "ProfilePopAnimation" */;
			compatibilityVersion = "Xcode 9.3";
			developmentRegion = en;
			hasScannedForEncodings = 0;
			knownRegions = (
				en,
				Base,
			);
			mainGroup = 60EED89C253B1C4100101AB9;
			productRefGroup = 60EED8A6253B1C4100101AB9 /* Products */;
			projectDirPath = "";
			projectRoot = "";
			targets = (
				60EED8A4253B1C4100101AB9 /* ProfilePopAnimation */,
			);
		};
/* End PBXProject section */

/* Begin PBXResourcesBuildPhase section */
		60EED8A3253B1C4100101AB9 /* Resources */ = {
			isa = PBXResourcesBuildPhase;
			buildActionMask = 2147483647;
			files = (
				60EED8B0253B1C4100101AB9 /* Preview Assets.xcassets in Resources */,
				60EED8AD253B1C4100101AB9 /* Assets.xcassets in Resources */,
			);
			runOnlyForDeploymentPostprocessing = 0;
		};
/* End PBXResourcesBuildPhase section */

/* Begin PBXSourcesBuildPhase section */
		60EED8A1253B1C4100101AB9 /* Sources */ = {
			isa = PBXSourcesBuildPhase;
			buildActionMask = 2147483647;
			files = (
				60EED8BB253B1D6000101AB9 /* HomeView.swift in Sources */,
				60EED8BE253B1D8100101AB9 /* MenuView.swift in Sources */,
				60EED8AB253B1C4100101AB9 /* Home.swift in Sources */,
				60EED8A9253B1C4100101AB9 /* ProfilePopAnimationApp.swift in Sources */,
			);
			runOnlyForDeploymentPostprocessing = 0;
		};
/* End PBXSourcesBuildPhase section */

/* Begin XCBuildConfiguration section */
		60EED8B2253B1C4100101AB9 /* Debug */ = {
			isa = XCBuildConfiguration;
			buildSettings = {
				ALWAYS_SEARCH_USER_PATHS = NO;
				CLANG_ANALYZER_NONNULL = YES;
				CLANG_ANALYZER_NUMBER_OBJECT_CONVERSION = YES_AGGRESSIVE;
				CLANG_CXX_LANGUAGE_STANDARD = "gnu++14";
				CLANG_CXX_LIBRARY = "libc++";
				CLANG_ENABLE_MODULES = YES;
				CLANG_ENABLE_OBJC_ARC = YES;
				CLANG_ENABLE_OBJC_WEAK = YES;
				CLANG_WARN_BLOCK_CAPTURE_AUTORELEASING = YES;
				CLANG_WARN_BOOL_CONVERSION = YES;
				CLANG_WARN_COMMA = YES;
				CLANG_WARN_CONSTANT_CONVERSION = YES;
				CLANG_WARN_DEPRECATED_OBJC_IMPLEMENTATIONS = YES;
				CLANG_WARN_DIRECT_OBJC_ISA_USAGE = YES_ERROR;
				CLANG_WARN_DOCUMENTATION_COMMENTS = YES;
				CLANG_WARN_EMPTY_BODY = YES;
				CLANG_WARN_ENUM_CONVERSION = YES;
				CLANG_WARN_INFINITE_RECURSION = YES;
				CLANG_WARN_INT_CONVERSION = YES;
				CLANG_WARN_NON_LITERAL_NULL_CONVERSION = YES;
				CLANG_WARN_OBJC_IMPLICIT_RETAIN_SELF = YES;
				CLANG_WARN_OBJC_LITERAL_CONVERSION = YES;
				CLANG_WARN_OBJC_ROOT_CLASS = YES_ERROR;
				CLANG_WARN_QUOTED_INCLUDE_IN_FRAMEWORK_HEADER = YES;
				CLANG_WARN_RANGE_LOOP_ANALYSIS = YES;
				CLANG_WARN_STRICT_PROTOTYPES = YES;
				CLANG_WARN_SUSPICIOUS_MOVE = YES;
				CLANG_WARN_UNGUARDED_AVAILABILITY = YES_AGGRESSIVE;
				CLANG_WARN_UNREACHABLE_CODE = YES;
				CLANG_WARN__DUPLICATE_METHOD_MATCH = YES;
				COPY_PHASE_STRIP = NO;
				DEBUG_INFORMATION_FORMAT = dwarf;
				ENABLE_STRICT_OBJC_MSGSEND = YES;
				ENABLE_TESTABILITY = YES;
				GCC_C_LANGUAGE_STANDARD = gnu11;
				GCC_DYNAMIC_NO_PIC = NO;
				GCC_NO_COMMON_BLOCKS = YES;
				GCC_OPTIMIZATION_LEVEL = 0;
				GCC_PREPROCESSOR_DEFINITIONS = (
					"DEBUG=1",
					"$(inherited)",
				);
				GCC_WARN_64_TO_32_BIT_CONVERSION = YES;
				GCC_WARN_ABOUT_RETURN_TYPE = YES_ERROR;
				GCC_WARN_UNDECLARED_SELECTOR = YES;
				GCC_WARN_UNINITIALIZED_AUTOS = YES_AGGRESSIVE;
				GCC_WARN_UNUSED_FUNCTION = YES;
				GCC_WARN_UNUSED_VARIABLE = YES;
				IPHONEOS_DEPLOYMENT_TARGET = 14.0;
				MTL_ENABLE_DEBUG_INFO = INCLUDE_SOURCE;
				MTL_FAST_MATH = YES;
				ONLY_ACTIVE_ARCH = YES;
				SDKROOT = iphoneos;
				SWIFT_ACTIVE_COMPILATION_CONDITIONS = DEBUG;
				SWIFT_OPTIMIZATION_LEVEL = "-Onone";
			};
			name = Debug;
		};
		60EED8B3253B1C4100101AB9 /* Release */ = {
			isa = XCBuildConfiguration;
			buildSettings = {
				ALWAYS_SEARCH_USER_PATHS = NO;
				CLANG_ANALYZER_NONNULL = YES;
				CLANG_ANALYZER_NUMBER_OBJECT_CONVERSION = YES_AGGRESSIVE;
				CLANG_CXX_LANGUAGE_STANDARD = "gnu++14";
				CLANG_CXX_LIBRARY = "libc++";
				CLANG_ENABLE_MODULES = YES;
				CLANG_ENABLE_OBJC_ARC = YES;
				CLANG_ENABLE_OBJC_WEAK = YES;
				CLANG_WARN_BLOCK_CAPTURE_AUTORELEASING = YES;
				CLANG_WARN_BOOL_CONVERSION = YES;
				CLANG_WARN_COMMA = YES;
				CLANG_WARN_CONSTANT_CONVERSION = YES;
				CLANG_WARN_DEPRECATED_OBJC_IMPLEMENTATIONS = YES;
				CLANG_WARN_DIRECT_OBJC_ISA_USAGE = YES_ERROR;
				CLANG_WARN_DOCUMENTATION_COMMENTS = YES;
				CLANG_WARN_EMPTY_BODY = YES;
				CLANG_WARN_ENUM_CONVERSION = YES;
				CLANG_WARN_INFINITE_RECURSION = YES;
				CLANG_WARN_INT_CONVERSION = YES;
				CLANG_WARN_NON_LITERAL_NULL_CONVERSION = YES;
				CLANG_WARN_OBJC_IMPLICIT_RETAIN_SELF = YES;
				CLANG_WARN_OBJC_LITERAL_CONVERSION = YES;
				CLANG_WARN_OBJC_ROOT_CLASS = YES_ERROR;
				CLANG_WARN_QUOTED_INCLUDE_IN_FRAMEWORK_HEADER = YES;
				CLANG_WARN_RANGE_LOOP_ANALYSIS = YES;
				CLANG_WARN_STRICT_PROTOTYPES = YES;
				CLANG_WARN_SUSPICIOUS_MOVE = YES;
				CLANG_WARN_UNGUARDED_AVAILABILITY = YES_AGGRESSIVE;
				CLANG_WARN_UNREACHABLE_CODE = YES;
				CLANG_WARN__DUPLICATE_METHOD_MATCH = YES;
				COPY_PHASE_STRIP = NO;
				DEBUG_INFORMATION_FORMAT = "dwarf-with-dsym";
				ENABLE_NS_ASSERTIONS = NO;
				ENABLE_STRICT_OBJC_MSGSEND = YES;
				GCC_C_LANGUAGE_STANDARD = gnu11;
				GCC_NO_COMMON_BLOCKS = YES;
				GCC_WARN_64_TO_32_BIT_CONVERSION = YES;
				GCC_WARN_ABOUT_RETURN_TYPE = YES_ERROR;
				GCC_WARN_UNDECLARED_SELECTOR = YES;
				GCC_WARN_UNINITIALIZED_AUTOS = YES_AGGRESSIVE;
				GCC_WARN_UNUSED_FUNCTION = YES;
				GCC_WARN_UNUSED_VARIABLE = YES;
				IPHONEOS_DEPLOYMENT_TARGET = 14.0;
				MTL_ENABLE_DEBUG_INFO = NO;
				MTL_FAST_MATH = YES;
				SDKROOT = iphoneos;
				SWIFT_COMPILATION_MODE = wholemodule;
				SWIFT_OPTIMIZATION_LEVEL = "-O";
				VALIDATE_PRODUCT = YES;
			};
			name = Release;
		};
		60EED8B5253B1C4100101AB9 /* Debug */ = {
			isa = XCBuildConfiguration;
			buildSettings = {
				ASSETCATALOG_COMPILER_APPICON_NAME = AppIcon;
				ASSETCATALOG_COMPILER_GLOBAL_ACCENT_COLOR_NAME = AccentColor;
				CODE_SIGN_STYLE = Automatic;
				DEVELOPMENT_ASSET_PATHS = "\"ProfilePopAnimation/Preview Content\"";
				DEVELOPMENT_TEAM = 5G8S2PMCG8;
				ENABLE_PREVIEWS = YES;
				INFOPLIST_FILE = ProfilePopAnimation/Info.plist;
				IPHONEOS_DEPLOYMENT_TARGET = 14.0;
				LD_RUNPATH_SEARCH_PATHS = (
					"$(inherited)",
					"@executable_path/Frameworks",
				);
				PRODUCT_BUNDLE_IDENTIFIER = com.Ashishsingh.ProfilePopAnimation;
				PRODUCT_NAME = "$(TARGET_NAME)";
				SWIFT_VERSION = 5.0;
				TARGETED_DEVICE_FAMILY = "1,2";
			};
			name = Debug;
		};
		60EED8B6253B1C4100101AB9 /* Release */ = {
			isa = XCBuildConfiguration;
			buildSettings = {
				ASSETCATALOG_COMPILER_APPICON_NAME = AppIcon;
				ASSETCATALOG_COMPILER_GLOBAL_ACCENT_COLOR_NAME = AccentColor;
				CODE_SIGN_STYLE = Automatic;
				DEVELOPMENT_ASSET_PATHS = "\"ProfilePopAnimation/Preview Content\"";
				DEVELOPMENT_TEAM = 5G8S2PMCG8;
				ENABLE_PREVIEWS = YES;
				INFOPLIST_FILE = ProfilePopAnimation/Info.plist;
				IPHONEOS_DEPLOYMENT_TARGET = 14.0;
				LD_RUNPATH_SEARCH_PATHS = (
					"$(inherited)",
					"@executable_path/Frameworks",
				);
				PRODUCT_BUNDLE_IDENTIFIER = com.Ashishsingh.ProfilePopAnimation;
				PRODUCT_NAME = "$(TARGET_NAME)";
				SWIFT_VERSION = 5.0;
				TARGETED_DEVICE_FAMILY = "1,2";
			};
			name = Release;
		};
/* End XCBuildConfiguration section */

/* Begin XCConfigurationList section */
		60EED8A0253B1C4100101AB9 /* Build configuration list for PBXProject "ProfilePopAnimation" */ = {
			isa = XCConfigurationList;
			buildConfigurations = (
				60EED8B2253B1C4100101AB9 /* Debug */,
				60EED8B3253B1C4100101AB9 /* Release */,
			);
			defaultConfigurationIsVisible = 0;
			defaultConfigurationName = Release;
		};
		60EED8B4253B1C4100101AB9 /* Build configuration list for PBXNativeTarget "ProfilePopAnimation" */ = {
			isa = XCConfigurationList;
			buildConfigurations = (
				60EED8B5253B1C4100101AB9 /* Debug */,
				60EED8B6253B1C4100101AB9 /* Release */,
			);
			defaultConfigurationIsVisible = 0;
			defaultConfigurationName = Release;
		};
/* End XCConfigurationList section */
	};
	rootObject = 60EED89D253B1C4100101AB9 /* Project object */;
}
